
Microsoft Visual Studio Solution File, Format Version 12.00
Project("{FAE04EC0-301F-11D3-BF4B-00C04F79EFBC}") = "ConsoleUtilities", "ConsoleUtilities\ConsoleUtilities.csproj", "{3166CB98-DA55-48A1-92AD-567B54C0ACC6}"
EndProject
Project("{FAE04EC0-301F-11D3-BF4B-00C04F79EFBC}") = "Sample Project", "Sample Project\Sample Project.csproj", "{DBE7B08C-6DDA-43C0-8170-0F42281EE369}"
EndProject
Global
	GlobalSection(SolutionConfigurationPlatforms) = preSolution
		Debug|Any CPU = Debug|Any CPU
		Release|Any CPU = Release|Any CPU
	EndGlobalSection
	GlobalSection(ProjectConfigurationPlatforms) = postSolution
		{3166CB98-DA55-48A1-92AD-567B54C0ACC6}.Debug|Any CPU.ActiveCfg = Debug|Any CPU
		{3166CB98-DA55-48A1-92AD-567B54C0ACC6}.Debug|Any CPU.Build.0 = Debug|Any CPU
		{3166CB98-DA55-48A1-92AD-567B54C0ACC6}.Release|Any CPU.ActiveCfg = Release|Any CPU
		{3166CB98-DA55-48A1-92AD-567B54C0ACC6}.Release|Any CPU.Build.0 = Release|Any CPU
		{DBE7B08C-6DDA-43C0-8170-0F42281EE369}.Debug|Any CPU.ActiveCfg = Debug|Any CPU
		{DBE7B08C-6DDA-43C0-8170-0F42281EE369}.Debug|Any CPU.Build.0 = Debug|Any CPU
		{DBE7B08C-6DDA-43C0-8170-0F42281EE369}.Release|Any CPU.ActiveCfg = Release|Any CPU
		{DBE7B08C-6DDA-43C0-8170-0F42281EE369}.Release|Any CPU.Build.0 = Release|Any CPU
	EndGlobalSection
EndGlobal
